
Microsoft Visual Studio Solution File, Format Version 12.00
# Visual Studio 14
VisualStudioVersion = 14.0.23107.0
MinimumVisualStudioVersion = 10.0.40219.1
Project("{FAE04EC0-301F-11D3-BF4B-00C04F79EFBC}") = "RabbitMq.Common", "RabbitMq.Common\RabbitMq.Common.csproj", "{1A15A3CA-A340-4E77-9ED5-A5FCAD0BEC24}"
EndProject
Project("{2150E333-8FDC-42A3-9474-1A3956D46DE8}") = "Conejo", "Conejo", "{C5A733C1-6D4F-4FF6-B652-AAD549BE551A}"
EndProject
Project("{FAE04EC0-301F-11D3-BF4B-00C04F79EFBC}") = "RabbitMq.Client", "RabbitMq.Client\RabbitMq.Client.csproj", "{D9058305-915E-434D-B585-1959EAD5520F}"
EndProject
Project("{FAE04EC0-301F-11D3-BF4B-00C04F79EFBC}") = "RabbitMq.Service", "RabbitMq.Service\RabbitMq.Service.csproj", "{390904FE-AD83-4F57-AF1C-8FB6C097812E}"
EndProject
Project("{FAE04EC0-301F-11D3-BF4B-00C04F79EFBC}") = "RabbitMq.Logger", "RabbitMq.Logger\RabbitMq.Logger.csproj", "{B8A8F588-FAB0-45ED-9643-7F4954C254D1}"
EndProject
Project("{2150E333-8FDC-42A3-9474-1A3956D46DE8}") = "RateLimiters", "RateLimiters", "{1CEC2E97-65E5-44F3-A0B5-87934C93E451}"
EndProject
Project("{FAE04EC0-301F-11D3-BF4B-00C04F79EFBC}") = "Bert.RateLimiters", "RateLimiters\Bert.RateLimiters\Bert.RateLimiters.csproj", "{C63422EE-6203-462E-ACB7-E61751DDC509}"
EndProject
Project("{FAE04EC0-301F-11D3-BF4B-00C04F79EFBC}") = "Bert.RateLimiters.Tests", "RateLimiters\Bert.RateLimiters.Tests\Bert.RateLimiters.Tests.csproj", "{9FB3A9E5-19AE-4CEC-9F7E-9F0213F3C078}"
EndProject
Project("{FAE04EC0-301F-11D3-BF4B-00C04F79EFBC}") = "Test", "RateLimiters\Test\Test.csproj", "{3B69CD6C-62C0-4A51-BBC7-7CE6B218633B}"
EndProject
Project("{FAE04EC0-301F-11D3-BF4B-00C04F79EFBC}") = "Conejo", "Conejo\Conejo\Conejo.csproj", "{FBA11EFA-5F50-4933-B2D1-B6B5482D7EE5}"
EndProject
Project("{FAE04EC0-301F-11D3-BF4B-00C04F79EFBC}") = "Tests", "Conejo\Tests\Tests.csproj", "{124FF43E-4714-412E-8E17-89374A69FB60}"
EndProject
Project("{2150E333-8FDC-42A3-9474-1A3956D46DE8}") = "TokenBucket", "TokenBucket", "{EDA7ED28-A67B-4AE4-A51B-85C075A23C70}"
EndProject
Project("{FAE04EC0-301F-11D3-BF4B-00C04F79EFBC}") = "Esendex.TokenBucket", "TokenBucket\Esendex.TokenBucket\Esendex.TokenBucket.csproj", "{35C91A50-8409-415F-832C-054874EF72FB}"
EndProject
Project("{FAE04EC0-301F-11D3-BF4B-00C04F79EFBC}") = "Esendex.TokenBucket.Tests", "TokenBucket\Esendex.TokenBucket.Tests\Esendex.TokenBucket.Tests.csproj", "{BE64A2D3-42C7-4227-BF40-AAA8990F99C7}"
EndProject
Project("{FAE04EC0-301F-11D3-BF4B-00C04F79EFBC}") = "Test", "TokenBucket\Test\Test.csproj", "{8E7DAE83-A8D0-4B2E-A9FB-DAD0A84EE6EF}"
EndProject
Project("{FAE04EC0-301F-11D3-BF4B-00C04F79EFBC}") = "RabbitMq.Rpc", "RabbitMq.Rpc\RabbitMq.Rpc.csproj", "{8B37A9A3-16FC-45FC-9EDA-624D398C6C67}"
EndProject
Global
	GlobalSection(SolutionConfigurationPlatforms) = preSolution
		Debug|Any CPU = Debug|Any CPU
		Release|Any CPU = Release|Any CPU
	EndGlobalSection
	GlobalSection(ProjectConfigurationPlatforms) = postSolution
		{1A15A3CA-A340-4E77-9ED5-A5FCAD0BEC24}.Debug|Any CPU.ActiveCfg = Debug|Any CPU
		{1A15A3CA-A340-4E77-9ED5-A5FCAD0BEC24}.Debug|Any CPU.Build.0 = Debug|Any CPU
		{1A15A3CA-A340-4E77-9ED5-A5FCAD0BEC24}.Release|Any CPU.ActiveCfg = Release|Any CPU
		{1A15A3CA-A340-4E77-9ED5-A5FCAD0BEC24}.Release|Any CPU.Build.0 = Release|Any CPU
		{D9058305-915E-434D-B585-1959EAD5520F}.Debug|Any CPU.ActiveCfg = Debug|Any CPU
		{D9058305-915E-434D-B585-1959EAD5520F}.Debug|Any CPU.Build.0 = Debug|Any CPU
		{D9058305-915E-434D-B585-1959EAD5520F}.Release|Any CPU.ActiveCfg = Release|Any CPU
		{D9058305-915E-434D-B585-1959EAD5520F}.Release|Any CPU.Build.0 = Release|Any CPU
		{390904FE-AD83-4F57-AF1C-8FB6C097812E}.Debug|Any CPU.ActiveCfg = Debug|Any CPU
		{390904FE-AD83-4F57-AF1C-8FB6C097812E}.Debug|Any CPU.Build.0 = Debug|Any CPU
		{390904FE-AD83-4F57-AF1C-8FB6C097812E}.Release|Any CPU.ActiveCfg = Release|Any CPU
		{390904FE-AD83-4F57-AF1C-8FB6C097812E}.Release|Any CPU.Build.0 = Release|Any CPU
		{B8A8F588-FAB0-45ED-9643-7F4954C254D1}.Debug|Any CPU.ActiveCfg = Debug|Any CPU
		{B8A8F588-FAB0-45ED-9643-7F4954C254D1}.Debug|Any CPU.Build.0 = Debug|Any CPU
		{B8A8F588-FAB0-45ED-9643-7F4954C254D1}.Release|Any CPU.ActiveCfg = Release|Any CPU
		{B8A8F588-FAB0-45ED-9643-7F4954C254D1}.Release|Any CPU.Build.0 = Release|Any CPU
		{C63422EE-6203-462E-ACB7-E61751DDC509}.Debug|Any CPU.ActiveCfg = Debug|Any CPU
		{C63422EE-6203-462E-ACB7-E61751DDC509}.Debug|Any CPU.Build.0 = Debug|Any CPU
		{C63422EE-6203-462E-ACB7-E61751DDC509}.Release|Any CPU.ActiveCfg = Release|Any CPU
		{C63422EE-6203-462E-ACB7-E61751DDC509}.Release|Any CPU.Build.0 = Release|Any CPU
		{9FB3A9E5-19AE-4CEC-9F7E-9F0213F3C078}.Debug|Any CPU.ActiveCfg = Debug|Any CPU
		{9FB3A9E5-19AE-4CEC-9F7E-9F0213F3C078}.Debug|Any CPU.Build.0 = Debug|Any CPU
		{9FB3A9E5-19AE-4CEC-9F7E-9F0213F3C078}.Release|Any CPU.ActiveCfg = Release|Any CPU
		{9FB3A9E5-19AE-4CEC-9F7E-9F0213F3C078}.Release|Any CPU.Build.0 = Release|Any CPU
		{3B69CD6C-62C0-4A51-BBC7-7CE6B218633B}.Debug|Any CPU.ActiveCfg = Debug|Any CPU
		{3B69CD6C-62C0-4A51-BBC7-7CE6B218633B}.Debug|Any CPU.Build.0 = Debug|Any CPU
		{3B69CD6C-62C0-4A51-BBC7-7CE6B218633B}.Release|Any CPU.ActiveCfg = Release|Any CPU
		{3B69CD6C-62C0-4A51-BBC7-7CE6B218633B}.Release|Any CPU.Build.0 = Release|Any CPU
		{FBA11EFA-5F50-4933-B2D1-B6B5482D7EE5}.Debug|Any CPU.ActiveCfg = Debug|Any CPU
		{FBA11EFA-5F50-4933-B2D1-B6B5482D7EE5}.Debug|Any CPU.Build.0 = Debug|Any CPU
		{FBA11EFA-5F50-4933-B2D1-B6B5482D7EE5}.Release|Any CPU.ActiveCfg = Release|Any CPU
		{FBA11EFA-5F50-4933-B2D1-B6B5482D7EE5}.Release|Any CPU.Build.0 = Release|Any CPU
		{124FF43E-4714-412E-8E17-89374A69FB60}.Debug|Any CPU.ActiveCfg = Debug|Any CPU
		{124FF43E-4714-412E-8E17-89374A69FB60}.Debug|Any CPU.Build.0 = Debug|Any CPU
		{124FF43E-4714-412E-8E17-89374A69FB60}.Release|Any CPU.ActiveCfg = Release|Any CPU
		{124FF43E-4714-412E-8E17-89374A69FB60}.Release|Any CPU.Build.0 = Release|Any CPU
		{35C91A50-8409-415F-832C-054874EF72FB}.Debug|Any CPU.ActiveCfg = Debug|Any CPU
		{35C91A50-8409-415F-832C-054874EF72FB}.Debug|Any CPU.Build.0 = Debug|Any CPU
		{35C91A50-8409-415F-832C-054874EF72FB}.Release|Any CPU.ActiveCfg = Release|Any CPU
		{35C91A50-8409-415F-832C-054874EF72FB}.Release|Any CPU.Build.0 = Release|Any CPU
		{BE64A2D3-42C7-4227-BF40-AAA8990F99C7}.Debug|Any CPU.ActiveCfg = Debug|Any CPU
		{BE64A2D3-42C7-4227-BF40-AAA8990F99C7}.Debug|Any CPU.Build.0 = Debug|Any CPU
		{BE64A2D3-42C7-4227-BF40-AAA8990F99C7}.Release|Any CPU.ActiveCfg = Release|Any CPU
		{BE64A2D3-42C7-4227-BF40-AAA8990F99C7}.Release|Any CPU.Build.0 = Release|Any CPU
		{8E7DAE83-A8D0-4B2E-A9FB-DAD0A84EE6EF}.Debug|Any CPU.ActiveCfg = Debug|Any CPU
		{8E7DAE83-A8D0-4B2E-A9FB-DAD0A84EE6EF}.Debug|Any CPU.Build.0 = Debug|Any CPU
		{8E7DAE83-A8D0-4B2E-A9FB-DAD0A84EE6EF}.Release|Any CPU.ActiveCfg = Release|Any CPU
		{8E7DAE83-A8D0-4B2E-A9FB-DAD0A84EE6EF}.Release|Any CPU.Build.0 = Release|Any CPU
		{8B37A9A3-16FC-45FC-9EDA-624D398C6C67}.Debug|Any CPU.ActiveCfg = Debug|Any CPU
		{8B37A9A3-16FC-45FC-9EDA-624D398C6C67}.Debug|Any CPU.Build.0 = Debug|Any CPU
		{8B37A9A3-16FC-45FC-9EDA-624D398C6C67}.Release|Any CPU.ActiveCfg = Release|Any CPU
		{8B37A9A3-16FC-45FC-9EDA-624D398C6C67}.Release|Any CPU.Build.0 = Release|Any CPU
	EndGlobalSection
	GlobalSection(SolutionProperties) = preSolution
		HideSolutionNode = FALSE
	EndGlobalSection
	GlobalSection(NestedProjects) = preSolution
		{C63422EE-6203-462E-ACB7-E61751DDC509} = {1CEC2E97-65E5-44F3-A0B5-87934C93E451}
		{9FB3A9E5-19AE-4CEC-9F7E-9F0213F3C078} = {1CEC2E97-65E5-44F3-A0B5-87934C93E451}
		{3B69CD6C-62C0-4A51-BBC7-7CE6B218633B} = {1CEC2E97-65E5-44F3-A0B5-87934C93E451}
		{FBA11EFA-5F50-4933-B2D1-B6B5482D7EE5} = {C5A733C1-6D4F-4FF6-B652-AAD549BE551A}
		{124FF43E-4714-412E-8E17-89374A69FB60} = {C5A733C1-6D4F-4FF6-B652-AAD549BE551A}
		{35C91A50-8409-415F-832C-054874EF72FB} = {EDA7ED28-A67B-4AE4-A51B-85C075A23C70}
		{BE64A2D3-42C7-4227-BF40-AAA8990F99C7} = {EDA7ED28-A67B-4AE4-A51B-85C075A23C70}
		{8E7DAE83-A8D0-4B2E-A9FB-DAD0A84EE6EF} = {EDA7ED28-A67B-4AE4-A51B-85C075A23C70}
	EndGlobalSection
EndGlobal
